
Microsoft Visual Studio Solution File, Format Version 12.00
# Visual Studio Version 17
VisualStudioVersion = 17.4.33403.182
MinimumVisualStudioVersion = 10.0.40219.1
Project("{FAE04EC0-301F-11D3-BF4B-00C04F79EFBC}") = "appForDatabase", "appForDatabase\appForDatabase.csproj", "{FB19404A-93DE-461E-A1EE-AAFDA3435493}"
EndProject
Global
	GlobalSection(SolutionConfigurationPlatforms) = preSolution
		Debug|Any CPU = Debug|Any CPU
		Release|Any CPU = Release|Any CPU
	EndGlobalSection
	GlobalSection(ProjectConfigurationPlatforms) = postSolution
		{FB19404A-93DE-461E-A1EE-AAFDA3435493}.Debug|Any CPU.ActiveCfg = Debug|Any CPU
		{FB19404A-93DE-461E-A1EE-AAFDA3435493}.Debug|Any CPU.Build.0 = Debug|Any CPU
		{FB19404A-93DE-461E-A1EE-AAFDA3435493}.Release|Any CPU.ActiveCfg = Release|Any CPU
		{FB19404A-93DE-461E-A1EE-AAFDA3435493}.Release|Any CPU.Build.0 = Release|Any CPU
	EndGlobalSection
	GlobalSection(SolutionProperties) = preSolution
		HideSolutionNode = FALSE
	EndGlobalSection
	GlobalSection(ExtensibilityGlobals) = postSolution
		SolutionGuid = {683E518D-B83E-49A4-B791-92926D63D593}
	EndGlobalSection
EndGlobal
